
Microsoft Visual Studio Solution File, Format Version 12.00
# Visual Studio Version 16
VisualStudioVersion = 16.0.28902.138
MinimumVisualStudioVersion = 10.0.40219.1
Project("{FAE04EC0-301F-11D3-BF4B-00C04F79EFBC}") = "PatronRepositorioConPruebas", "PatronRepositorioConPruebas.csproj", "{5FEFBD9F-979B-4169-A3C5-C278831560CA}"
EndProject
Global
	GlobalSection(SolutionConfigurationPlatforms) = preSolution
		Debug|Any CPU = Debug|Any CPU
		Release|Any CPU = Release|Any CPU
	EndGlobalSection
	GlobalSection(ProjectConfigurationPlatforms) = postSolution
		{5FEFBD9F-979B-4169-A3C5-C278831560CA}.Debug|Any CPU.ActiveCfg = Debug|Any CPU
		{5FEFBD9F-979B-4169-A3C5-C278831560CA}.Debug|Any CPU.Build.0 = Debug|Any CPU
		{5FEFBD9F-979B-4169-A3C5-C278831560CA}.Release|Any CPU.ActiveCfg = Release|Any CPU
		{5FEFBD9F-979B-4169-A3C5-C278831560CA}.Release|Any CPU.Build.0 = Release|Any CPU
	EndGlobalSection
	GlobalSection(SolutionProperties) = preSolution
		HideSolutionNode = FALSE
	EndGlobalSection
	GlobalSection(ExtensibilityGlobals) = postSolution
		SolutionGuid = {66E8CF4D-8E75-45A5-B41C-4C10E3083F80}
	EndGlobalSection
EndGlobal
