
Microsoft Visual Studio Solution File, Format Version 12.00
# Visual Studio Version 16
VisualStudioVersion = 16.0.28902.138
MinimumVisualStudioVersion = 10.0.40219.1
Project("{FAE04EC0-301F-11D3-BF4B-00C04F79EFBC}") = "PatronRepositorioConPruebas", "PatronRepositorioConPruebas.csproj", "{5FEFBD9F-979B-4169-A3C5-C278831560CA}"
EndProject
Project("{FAE04EC0-301F-11D3-BF4B-00C04F79EFBC}") = "CargosTests", "..\PruebasTest\CargosTests.csproj", "{BD83E770-4FE2-4417-A356-B0759525DA05}"
EndProject
Project("{FAE04EC0-301F-11D3-BF4B-00C04F79EFBC}") = "PatronRepositorioConPruebasTests", "..\PatronRepositorioConPruebasTests\PatronRepositorioConPruebasTests.csproj", "{34AB9B03-8201-46DC-8EA6-C02819FF12D2}"
EndProject
Project("{FAE04EC0-301F-11D3-BF4B-00C04F79EFBC}") = "PatronRepositorioConPruebasTests1", "..\PatronRepositorioConPruebasTests1\PatronRepositorioConPruebasTests1.csproj", "{5479EA02-B4C1-4F7B-9472-14091956711B}"
EndProject
Project("{FAE04EC0-301F-11D3-BF4B-00C04F79EFBC}") = "PersonasTests", "..\PersonasTests\PersonasTests.csproj", "{A9842A4F-4912-4B41-8FA3-BBC570FDC743}"
EndProject
Project("{FAE04EC0-301F-11D3-BF4B-00C04F79EFBC}") = "ClientesTests", "..\ClientesTests\ClientesTests.csproj", "{8A25679C-F0D2-4EE1-BFFB-88BB273C74D3}"
EndProject
Global
	GlobalSection(SolutionConfigurationPlatforms) = preSolution
		Debug|Any CPU = Debug|Any CPU
		Release|Any CPU = Release|Any CPU
	EndGlobalSection
	GlobalSection(ProjectConfigurationPlatforms) = postSolution
		{5FEFBD9F-979B-4169-A3C5-C278831560CA}.Debug|Any CPU.ActiveCfg = Debug|Any CPU
		{5FEFBD9F-979B-4169-A3C5-C278831560CA}.Debug|Any CPU.Build.0 = Debug|Any CPU
		{5FEFBD9F-979B-4169-A3C5-C278831560CA}.Release|Any CPU.ActiveCfg = Release|Any CPU
		{5FEFBD9F-979B-4169-A3C5-C278831560CA}.Release|Any CPU.Build.0 = Release|Any CPU
		{BD83E770-4FE2-4417-A356-B0759525DA05}.Debug|Any CPU.ActiveCfg = Debug|Any CPU
		{BD83E770-4FE2-4417-A356-B0759525DA05}.Debug|Any CPU.Build.0 = Debug|Any CPU
		{BD83E770-4FE2-4417-A356-B0759525DA05}.Release|Any CPU.ActiveCfg = Release|Any CPU
		{BD83E770-4FE2-4417-A356-B0759525DA05}.Release|Any CPU.Build.0 = Release|Any CPU
		{34AB9B03-8201-46DC-8EA6-C02819FF12D2}.Debug|Any CPU.ActiveCfg = Debug|Any CPU
		{34AB9B03-8201-46DC-8EA6-C02819FF12D2}.Debug|Any CPU.Build.0 = Debug|Any CPU
		{34AB9B03-8201-46DC-8EA6-C02819FF12D2}.Release|Any CPU.ActiveCfg = Release|Any CPU
		{34AB9B03-8201-46DC-8EA6-C02819FF12D2}.Release|Any CPU.Build.0 = Release|Any CPU
		{5479EA02-B4C1-4F7B-9472-14091956711B}.Debug|Any CPU.ActiveCfg = Debug|Any CPU
		{5479EA02-B4C1-4F7B-9472-14091956711B}.Debug|Any CPU.Build.0 = Debug|Any CPU
		{5479EA02-B4C1-4F7B-9472-14091956711B}.Release|Any CPU.ActiveCfg = Release|Any CPU
		{5479EA02-B4C1-4F7B-9472-14091956711B}.Release|Any CPU.Build.0 = Release|Any CPU
		{A9842A4F-4912-4B41-8FA3-BBC570FDC743}.Debug|Any CPU.ActiveCfg = Debug|Any CPU
		{A9842A4F-4912-4B41-8FA3-BBC570FDC743}.Debug|Any CPU.Build.0 = Debug|Any CPU
		{A9842A4F-4912-4B41-8FA3-BBC570FDC743}.Release|Any CPU.ActiveCfg = Release|Any CPU
		{A9842A4F-4912-4B41-8FA3-BBC570FDC743}.Release|Any CPU.Build.0 = Release|Any CPU
		{8A25679C-F0D2-4EE1-BFFB-88BB273C74D3}.Debug|Any CPU.ActiveCfg = Debug|Any CPU
		{8A25679C-F0D2-4EE1-BFFB-88BB273C74D3}.Debug|Any CPU.Build.0 = Debug|Any CPU
		{8A25679C-F0D2-4EE1-BFFB-88BB273C74D3}.Release|Any CPU.ActiveCfg = Release|Any CPU
		{8A25679C-F0D2-4EE1-BFFB-88BB273C74D3}.Release|Any CPU.Build.0 = Release|Any CPU
	EndGlobalSection
	GlobalSection(SolutionProperties) = preSolution
		HideSolutionNode = FALSE
	EndGlobalSection
	GlobalSection(ExtensibilityGlobals) = postSolution
		SolutionGuid = {66E8CF4D-8E75-45A5-B41C-4C10E3083F80}
	EndGlobalSection
EndGlobal
